
Microsoft Visual Studio Solution File, Format Version 11.00
# Visual Studio 2010
Project("{FAE04EC0-301F-11D3-BF4B-00C04F79EFBC}") = "001-Login", "001-Login\001-Login.csproj", "{DE792F4F-3141-4ADB-AD60-AD72125BE0DA}"
EndProject
Project("{FAE04EC0-301F-11D3-BF4B-00C04F79EFBC}") = "002-LoginSession", "002-LoginSession\002-LoginSession.csproj", "{9EF92646-5C8A-46ED-A085-DE6563A80FF7}"
EndProject
Global
	GlobalSection(SolutionConfigurationPlatforms) = preSolution
		Debug|Any CPU = Debug|Any CPU
		Release|Any CPU = Release|Any CPU
	EndGlobalSection
	GlobalSection(ProjectConfigurationPlatforms) = postSolution
		{DE792F4F-3141-4ADB-AD60-AD72125BE0DA}.Debug|Any CPU.ActiveCfg = Debug|Any CPU
		{DE792F4F-3141-4ADB-AD60-AD72125BE0DA}.Debug|Any CPU.Build.0 = Debug|Any CPU
		{DE792F4F-3141-4ADB-AD60-AD72125BE0DA}.Release|Any CPU.ActiveCfg = Release|Any CPU
		{DE792F4F-3141-4ADB-AD60-AD72125BE0DA}.Release|Any CPU.Build.0 = Release|Any CPU
		{9EF92646-5C8A-46ED-A085-DE6563A80FF7}.Debug|Any CPU.ActiveCfg = Debug|Any CPU
		{9EF92646-5C8A-46ED-A085-DE6563A80FF7}.Debug|Any CPU.Build.0 = Debug|Any CPU
		{9EF92646-5C8A-46ED-A085-DE6563A80FF7}.Release|Any CPU.ActiveCfg = Release|Any CPU
		{9EF92646-5C8A-46ED-A085-DE6563A80FF7}.Release|Any CPU.Build.0 = Release|Any CPU
	EndGlobalSection
	GlobalSection(SolutionProperties) = preSolution
		HideSolutionNode = FALSE
	EndGlobalSection
EndGlobal
