
Microsoft Visual Studio Solution File, Format Version 11.00
# Visual Studio 2010
Project("{FAE04EC0-301F-11D3-BF4B-00C04F79EFBC}") = "001-Handler", "001-Handler\001-Handler.csproj", "{527ADCD3-056E-4D34-B5B2-AC146F308BE9}"
EndProject
Project("{FAE04EC0-301F-11D3-BF4B-00C04F79EFBC}") = "002-HandlerPng", "002-HandlerPng\002-HandlerPng.csproj", "{7A23711C-D61C-4D92-929B-7FF4D85E9FE9}"
EndProject
Project("{FAE04EC0-301F-11D3-BF4B-00C04F79EFBC}") = "003-Resource", "003-Resource\003-Resource.csproj", "{A489008A-4061-4768-943F-9B4833A411E4}"
EndProject
Project("{FAE04EC0-301F-11D3-BF4B-00C04F79EFBC}") = "004-Validator", "004-Validator\004-Validator.csproj", "{4CA8E7B1-4414-4DBD-AA9A-93546E919CED}"
EndProject
Project("{FAE04EC0-301F-11D3-BF4B-00C04F79EFBC}") = "005-Cookie", "005-Cookie\005-Cookie.csproj", "{1F9C062B-5FAE-415D-86E1-1F103CC6397D}"
EndProject
Global
	GlobalSection(SolutionConfigurationPlatforms) = preSolution
		Debug|Any CPU = Debug|Any CPU
		Release|Any CPU = Release|Any CPU
	EndGlobalSection
	GlobalSection(ProjectConfigurationPlatforms) = postSolution
		{527ADCD3-056E-4D34-B5B2-AC146F308BE9}.Debug|Any CPU.ActiveCfg = Debug|Any CPU
		{527ADCD3-056E-4D34-B5B2-AC146F308BE9}.Debug|Any CPU.Build.0 = Debug|Any CPU
		{527ADCD3-056E-4D34-B5B2-AC146F308BE9}.Release|Any CPU.ActiveCfg = Release|Any CPU
		{527ADCD3-056E-4D34-B5B2-AC146F308BE9}.Release|Any CPU.Build.0 = Release|Any CPU
		{7A23711C-D61C-4D92-929B-7FF4D85E9FE9}.Debug|Any CPU.ActiveCfg = Debug|Any CPU
		{7A23711C-D61C-4D92-929B-7FF4D85E9FE9}.Debug|Any CPU.Build.0 = Debug|Any CPU
		{7A23711C-D61C-4D92-929B-7FF4D85E9FE9}.Release|Any CPU.ActiveCfg = Release|Any CPU
		{7A23711C-D61C-4D92-929B-7FF4D85E9FE9}.Release|Any CPU.Build.0 = Release|Any CPU
		{A489008A-4061-4768-943F-9B4833A411E4}.Debug|Any CPU.ActiveCfg = Debug|Any CPU
		{A489008A-4061-4768-943F-9B4833A411E4}.Debug|Any CPU.Build.0 = Debug|Any CPU
		{A489008A-4061-4768-943F-9B4833A411E4}.Release|Any CPU.ActiveCfg = Release|Any CPU
		{A489008A-4061-4768-943F-9B4833A411E4}.Release|Any CPU.Build.0 = Release|Any CPU
		{4CA8E7B1-4414-4DBD-AA9A-93546E919CED}.Debug|Any CPU.ActiveCfg = Debug|Any CPU
		{4CA8E7B1-4414-4DBD-AA9A-93546E919CED}.Debug|Any CPU.Build.0 = Debug|Any CPU
		{4CA8E7B1-4414-4DBD-AA9A-93546E919CED}.Release|Any CPU.ActiveCfg = Release|Any CPU
		{4CA8E7B1-4414-4DBD-AA9A-93546E919CED}.Release|Any CPU.Build.0 = Release|Any CPU
		{1F9C062B-5FAE-415D-86E1-1F103CC6397D}.Debug|Any CPU.ActiveCfg = Debug|Any CPU
		{1F9C062B-5FAE-415D-86E1-1F103CC6397D}.Debug|Any CPU.Build.0 = Debug|Any CPU
		{1F9C062B-5FAE-415D-86E1-1F103CC6397D}.Release|Any CPU.ActiveCfg = Release|Any CPU
		{1F9C062B-5FAE-415D-86E1-1F103CC6397D}.Release|Any CPU.Build.0 = Release|Any CPU
	EndGlobalSection
	GlobalSection(SolutionProperties) = preSolution
		HideSolutionNode = FALSE
	EndGlobalSection
EndGlobal
